
Microsoft Visual Studio Solution File, Format Version 12.00
# Visual Studio 2012
Project("{FAE04EC0-301F-11D3-BF4B-00C04F79EFBC}") = "BuildOwnAngularJs", "BuildOwnAngularJs\BuildOwnAngularJs.csproj", "{469C4748-1C21-4A6D-9A11-6EE5FA2F6A76}"
EndProject
Global
	GlobalSection(SolutionConfigurationPlatforms) = preSolution
		Debug|Any CPU = Debug|Any CPU
		Release|Any CPU = Release|Any CPU
	EndGlobalSection
	GlobalSection(ProjectConfigurationPlatforms) = postSolution
		{469C4748-1C21-4A6D-9A11-6EE5FA2F6A76}.Debug|Any CPU.ActiveCfg = Debug|Any CPU
		{469C4748-1C21-4A6D-9A11-6EE5FA2F6A76}.Debug|Any CPU.Build.0 = Debug|Any CPU
		{469C4748-1C21-4A6D-9A11-6EE5FA2F6A76}.Release|Any CPU.ActiveCfg = Release|Any CPU
		{469C4748-1C21-4A6D-9A11-6EE5FA2F6A76}.Release|Any CPU.Build.0 = Release|Any CPU
	EndGlobalSection
	GlobalSection(SolutionProperties) = preSolution
		HideSolutionNode = FALSE
	EndGlobalSection
EndGlobal
